// !$*UTF8*$!
{
	archiveVersion = 1;
	classes = {
	};
	objectVersion = 46;
	objects = {

/* Begin PBXBuildFile section */
		843342011E844AC600535A43 /* AppDelegate.swift in Sources */ = {isa = PBXBuildFile; fileRef = 843342001E844AC600535A43 /* AppDelegate.swift */; };
		843342031E844AC600535A43 /* TraktClient.swift in Sources */ = {isa = PBXBuildFile; fileRef = 843342021E844AC600535A43 /* TraktClient.swift */; };
		843342061E844AC600535A43 /* Main.storyboard in Resources */ = {isa = PBXBuildFile; fileRef = 843342041E844AC600535A43 /* Main.storyboard */; };
		843342081E844AC600535A43 /* Assets.xcassets in Resources */ = {isa = PBXBuildFile; fileRef = 843342071E844AC600535A43 /* Assets.xcassets */; };
		8433420B1E844AC600535A43 /* LaunchScreen.storyboard in Resources */ = {isa = PBXBuildFile; fileRef = 843342091E844AC600535A43 /* LaunchScreen.storyboard */; };
		843342131E85553000535A43 /* Constants.swift in Sources */ = {isa = PBXBuildFile; fileRef = 843342121E85553000535A43 /* Constants.swift */; };
		843342191E85723100535A43 /* Movie.swift in Sources */ = {isa = PBXBuildFile; fileRef = 843342181E85723100535A43 /* Movie.swift */; };
		8433421F1E883CCC00535A43 /* MovieCell.swift in Sources */ = {isa = PBXBuildFile; fileRef = 8433421E1E883CCC00535A43 /* MovieCell.swift */; };
		843342211E8851A100535A43 /* MoviesViewController.swift in Sources */ = {isa = PBXBuildFile; fileRef = 843342201E8851A100535A43 /* MoviesViewController.swift */; };
		843342231E88A45400535A43 /* CustomizableButton.swift in Sources */ = {isa = PBXBuildFile; fileRef = 843342221E88A45400535A43 /* CustomizableButton.swift */; };
		843342251E88A46100535A43 /* CustomizableImageView.swift in Sources */ = {isa = PBXBuildFile; fileRef = 843342241E88A46100535A43 /* CustomizableImageView.swift */; };
		8433422A1E88AAF300535A43 /* SCLAlertView.swift in Sources */ = {isa = PBXBuildFile; fileRef = 843342291E88AAF300535A43 /* SCLAlertView.swift */; };
		8433422E1E88AE6400535A43 /* Reachability.m in Sources */ = {isa = PBXBuildFile; fileRef = 8433422D1E88AE6400535A43 /* Reachability.m */; };
		844B12241E892D63003D3218 /* NetworkingConvenience.swift in Sources */ = {isa = PBXBuildFile; fileRef = 844B12231E892D63003D3218 /* NetworkingConvenience.swift */; };
		844B12291E893080003D3218 /* ImageFromURL.swift in Sources */ = {isa = PBXBuildFile; fileRef = 844B12281E893080003D3218 /* ImageFromURL.swift */; };
		844B122B1E8932D2003D3218 /* MovieCellHelpers.swift in Sources */ = {isa = PBXBuildFile; fileRef = 844B122A1E8932D2003D3218 /* MovieCellHelpers.swift */; };
		844B122D1E893482003D3218 /* APIHelpers.swift in Sources */ = {isa = PBXBuildFile; fileRef = 844B122C1E893482003D3218 /* APIHelpers.swift */; };
/* End PBXBuildFile section */

/* Begin PBXFileReference section */
		843341FD1E844AC600535A43 /* Traktor.app */ = {isa = PBXFileReference; explicitFileType = wrapper.application; includeInIndex = 0; path = Traktor.app; sourceTree = BUILT_PRODUCTS_DIR; };
		843342001E844AC600535A43 /* AppDelegate.swift */ = {isa = PBXFileReference; lastKnownFileType = sourcecode.swift; path = AppDelegate.swift; sourceTree = "<group>"; };
		843342021E844AC600535A43 /* TraktClient.swift */ = {isa = PBXFileReference; lastKnownFileType = sourcecode.swift; path = TraktClient.swift; sourceTree = "<group>"; };
		843342051E844AC600535A43 /* Base */ = {isa = PBXFileReference; lastKnownFileType = file.storyboard; name = Base; path = Base.lproj/Main.storyboard; sourceTree = "<group>"; };
		843342071E844AC600535A43 /* Assets.xcassets */ = {isa = PBXFileReference; lastKnownFileType = folder.assetcatalog; path = Assets.xcassets; sourceTree = "<group>"; };
		8433420A1E844AC600535A43 /* Base */ = {isa = PBXFileReference; lastKnownFileType = file.storyboard; name = Base; path = Base.lproj/LaunchScreen.storyboard; sourceTree = "<group>"; };
		8433420C1E844AC600535A43 /* Info.plist */ = {isa = PBXFileReference; lastKnownFileType = text.plist.xml; path = Info.plist; sourceTree = "<group>"; };
		843342121E85553000535A43 /* Constants.swift */ = {isa = PBXFileReference; fileEncoding = 4; lastKnownFileType = sourcecode.swift; path = Constants.swift; sourceTree = "<group>"; };
		843342181E85723100535A43 /* Movie.swift */ = {isa = PBXFileReference; fileEncoding = 4; lastKnownFileType = sourcecode.swift; path = Movie.swift; sourceTree = "<group>"; };
		8433421E1E883CCC00535A43 /* MovieCell.swift */ = {isa = PBXFileReference; fileEncoding = 4; lastKnownFileType = sourcecode.swift; path = MovieCell.swift; sourceTree = "<group>"; };
		843342201E8851A100535A43 /* MoviesViewController.swift */ = {isa = PBXFileReference; fileEncoding = 4; lastKnownFileType = sourcecode.swift; path = MoviesViewController.swift; sourceTree = "<group>"; };
		843342221E88A45400535A43 /* CustomizableButton.swift */ = {isa = PBXFileReference; fileEncoding = 4; lastKnownFileType = sourcecode.swift; path = CustomizableButton.swift; sourceTree = "<group>"; };
		843342241E88A46100535A43 /* CustomizableImageView.swift */ = {isa = PBXFileReference; fileEncoding = 4; lastKnownFileType = sourcecode.swift; path = CustomizableImageView.swift; sourceTree = "<group>"; };
		843342291E88AAF300535A43 /* SCLAlertView.swift */ = {isa = PBXFileReference; fileEncoding = 4; lastKnownFileType = sourcecode.swift; path = SCLAlertView.swift; sourceTree = "<group>"; };
		8433422B1E88AE6300535A43 /* Traktor-Bridging-Header.h */ = {isa = PBXFileReference; lastKnownFileType = sourcecode.c.h; path = "Traktor-Bridging-Header.h"; sourceTree = "<group>"; };
		8433422C1E88AE6400535A43 /* Reachability.h */ = {isa = PBXFileReference; fileEncoding = 4; lastKnownFileType = sourcecode.c.h; path = Reachability.h; sourceTree = "<group>"; };
		8433422D1E88AE6400535A43 /* Reachability.m */ = {isa = PBXFileReference; fileEncoding = 4; lastKnownFileType = sourcecode.c.objc; path = Reachability.m; sourceTree = "<group>"; };
		844B12231E892D63003D3218 /* NetworkingConvenience.swift */ = {isa = PBXFileReference; fileEncoding = 4; lastKnownFileType = sourcecode.swift; path = NetworkingConvenience.swift; sourceTree = "<group>"; };
		844B12281E893080003D3218 /* ImageFromURL.swift */ = {isa = PBXFileReference; fileEncoding = 4; lastKnownFileType = sourcecode.swift; path = ImageFromURL.swift; sourceTree = "<group>"; };
		844B122A1E8932D2003D3218 /* MovieCellHelpers.swift */ = {isa = PBXFileReference; fileEncoding = 4; lastKnownFileType = sourcecode.swift; path = MovieCellHelpers.swift; sourceTree = "<group>"; };
		844B122C1E893482003D3218 /* APIHelpers.swift */ = {isa = PBXFileReference; fileEncoding = 4; lastKnownFileType = sourcecode.swift; path = APIHelpers.swift; sourceTree = "<group>"; };
/* End PBXFileReference section */

/* Begin PBXFrameworksBuildPhase section */
		843341FA1E844AC600535A43 /* Frameworks */ = {
			isa = PBXFrameworksBuildPhase;
			buildActionMask = 2147483647;
			files = (
			);
			runOnlyForDeploymentPostprocessing = 0;
		};
/* End PBXFrameworksBuildPhase section */

/* Begin PBXGroup section */
		843341F41E844AC500535A43 = {
			isa = PBXGroup;
			children = (
				843341FF1E844AC600535A43 /* Traktor */,
				843341FE1E844AC600535A43 /* Products */,
			);
			sourceTree = "<group>";
		};
		843341FE1E844AC600535A43 /* Products */ = {
			isa = PBXGroup;
			children = (
				843341FD1E844AC600535A43 /* Traktor.app */,
			);
			name = Products;
			sourceTree = "<group>";
		};
		843341FF1E844AC600535A43 /* Traktor */ = {
			isa = PBXGroup;
			children = (
				8433422F1E8923E000535A43 /* Supporting Files */,
				843342301E8923F800535A43 /* Storyboards */,
				843342271E88A47E00535A43 /* Controller */,
				843342281E88A49D00535A43 /* View */,
				843342261E88A46800535A43 /* Model */,
				843342071E844AC600535A43 /* Assets.xcassets */,
			);
			path = Traktor;
			sourceTree = "<group>";
		};
		843342261E88A46800535A43 /* Model */ = {
			isa = PBXGroup;
			children = (
				844B12271E892EEA003D3218 /* Networking */,
				843342181E85723100535A43 /* Movie.swift */,
			);
			name = Model;
			sourceTree = "<group>";
		};
		843342271E88A47E00535A43 /* Controller */ = {
			isa = PBXGroup;
			children = (
				8433421E1E883CCC00535A43 /* MovieCell.swift */,
				843342201E8851A100535A43 /* MoviesViewController.swift */,
				844B122A1E8932D2003D3218 /* MovieCellHelpers.swift */,
			);
			name = Controller;
			sourceTree = "<group>";
		};
		843342281E88A49D00535A43 /* View */ = {
			isa = PBXGroup;
			children = (
				843342291E88AAF300535A43 /* SCLAlertView.swift */,
				843342221E88A45400535A43 /* CustomizableButton.swift */,
				843342241E88A46100535A43 /* CustomizableImageView.swift */,
				844B12281E893080003D3218 /* ImageFromURL.swift */,
			);
			name = View;
			sourceTree = "<group>";
		};
		8433422F1E8923E000535A43 /* Supporting Files */ = {
			isa = PBXGroup;
			children = (
				843342001E844AC600535A43 /* AppDelegate.swift */,
				8433422C1E88AE6400535A43 /* Reachability.h */,
				8433422D1E88AE6400535A43 /* Reachability.m */,
				8433420C1E844AC600535A43 /* Info.plist */,
				8433422B1E88AE6300535A43 /* Traktor-Bridging-Header.h */,
			);
			name = "Supporting Files";
			sourceTree = "<group>";
		};
		843342301E8923F800535A43 /* Storyboards */ = {
			isa = PBXGroup;
			children = (
				843342041E844AC600535A43 /* Main.storyboard */,
				843342091E844AC600535A43 /* LaunchScreen.storyboard */,
			);
			name = Storyboards;
			sourceTree = "<group>";
		};
		844B12271E892EEA003D3218 /* Networking */ = {
			isa = PBXGroup;
			children = (
				843342021E844AC600535A43 /* TraktClient.swift */,
				844B122C1E893482003D3218 /* APIHelpers.swift */,
				843342121E85553000535A43 /* Constants.swift */,
				844B12231E892D63003D3218 /* NetworkingConvenience.swift */,
			);
			name = Networking;
			sourceTree = "<group>";
		};
/* End PBXGroup section */

/* Begin PBXNativeTarget section */
		843341FC1E844AC600535A43 /* Traktor */ = {
			isa = PBXNativeTarget;
			buildConfigurationList = 8433420F1E844AC600535A43 /* Build configuration list for PBXNativeTarget "Traktor" */;
			buildPhases = (
				843341F91E844AC600535A43 /* Sources */,
				843341FA1E844AC600535A43 /* Frameworks */,
				843341FB1E844AC600535A43 /* Resources */,
			);
			buildRules = (
			);
			dependencies = (
			);
			name = Traktor;
			productName = Traktor;
			productReference = 843341FD1E844AC600535A43 /* Traktor.app */;
			productType = "com.apple.product-type.application";
		};
/* End PBXNativeTarget section */

/* Begin PBXProject section */
		843341F51E844AC500535A43 /* Project object */ = {
			isa = PBXProject;
			attributes = {
				LastSwiftUpdateCheck = 0800;
				LastUpgradeCheck = 0800;
				ORGANIZATIONNAME = JPDaines;
				TargetAttributes = {
					843341FC1E844AC600535A43 = {
						CreatedOnToolsVersion = 8.0;
						DevelopmentTeam = XS5FRJH7AZ;
						LastSwiftMigration = 0800;
						ProvisioningStyle = Automatic;
					};
				};
			};
			buildConfigurationList = 843341F81E844AC500535A43 /* Build configuration list for PBXProject "Traktor" */;
			compatibilityVersion = "Xcode 3.2";
			developmentRegion = English;
			hasScannedForEncodings = 0;
			knownRegions = (
				en,
				Base,
			);
			mainGroup = 843341F41E844AC500535A43;
			productRefGroup = 843341FE1E844AC600535A43 /* Products */;
			projectDirPath = "";
			projectRoot = "";
			targets = (
				843341FC1E844AC600535A43 /* Traktor */,
			);
		};
/* End PBXProject section */

/* Begin PBXResourcesBuildPhase section */
		843341FB1E844AC600535A43 /* Resources */ = {
			isa = PBXResourcesBuildPhase;
			buildActionMask = 2147483647;
			files = (
				8433420B1E844AC600535A43 /* LaunchScreen.storyboard in Resources */,
				843342081E844AC600535A43 /* Assets.xcassets in Resources */,
				843342061E844AC600535A43 /* Main.storyboard in Resources */,
			);
			runOnlyForDeploymentPostprocessing = 0;
		};
/* End PBXResourcesBuildPhase section */

/* Begin PBXSourcesBuildPhase section */
		843341F91E844AC600535A43 /* Sources */ = {
			isa = PBXSourcesBuildPhase;
			buildActionMask = 2147483647;
			files = (
				844B122D1E893482003D3218 /* APIHelpers.swift in Sources */,
				844B12291E893080003D3218 /* ImageFromURL.swift in Sources */,
				843342231E88A45400535A43 /* CustomizableButton.swift in Sources */,
				843342031E844AC600535A43 /* TraktClient.swift in Sources */,
				843342011E844AC600535A43 /* AppDelegate.swift in Sources */,
				8433421F1E883CCC00535A43 /* MovieCell.swift in Sources */,
				8433422E1E88AE6400535A43 /* Reachability.m in Sources */,
				8433422A1E88AAF300535A43 /* SCLAlertView.swift in Sources */,
				843342131E85553000535A43 /* Constants.swift in Sources */,
				843342191E85723100535A43 /* Movie.swift in Sources */,
				844B122B1E8932D2003D3218 /* MovieCellHelpers.swift in Sources */,
				843342251E88A46100535A43 /* CustomizableImageView.swift in Sources */,
				843342211E8851A100535A43 /* MoviesViewController.swift in Sources */,
				844B12241E892D63003D3218 /* NetworkingConvenience.swift in Sources */,
			);
			runOnlyForDeploymentPostprocessing = 0;
		};
/* End PBXSourcesBuildPhase section */

/* Begin PBXVariantGroup section */
		843342041E844AC600535A43 /* Main.storyboard */ = {
			isa = PBXVariantGroup;
			children = (
				843342051E844AC600535A43 /* Base */,
			);
			name = Main.storyboard;
			sourceTree = "<group>";
		};
		843342091E844AC600535A43 /* LaunchScreen.storyboard */ = {
			isa = PBXVariantGroup;
			children = (
				8433420A1E844AC600535A43 /* Base */,
			);
			name = LaunchScreen.storyboard;
			sourceTree = "<group>";
		};
/* End PBXVariantGroup section */

/* Begin XCBuildConfiguration section */
		8433420D1E844AC600535A43 /* Debug */ = {
			isa = XCBuildConfiguration;
			buildSettings = {
				ALWAYS_SEARCH_USER_PATHS = NO;
				CLANG_ANALYZER_NONNULL = YES;
				CLANG_CXX_LANGUAGE_STANDARD = "gnu++0x";
				CLANG_CXX_LIBRARY = "libc++";
				CLANG_ENABLE_MODULES = YES;
				CLANG_ENABLE_OBJC_ARC = YES;
				CLANG_WARN_BOOL_CONVERSION = YES;
				CLANG_WARN_CONSTANT_CONVERSION = YES;
				CLANG_WARN_DIRECT_OBJC_ISA_USAGE = YES_ERROR;
				CLANG_WARN_DOCUMENTATION_COMMENTS = YES;
				CLANG_WARN_EMPTY_BODY = YES;
				CLANG_WARN_ENUM_CONVERSION = YES;
				CLANG_WARN_INFINITE_RECURSION = YES;
				CLANG_WARN_INT_CONVERSION = YES;
				CLANG_WARN_OBJC_ROOT_CLASS = YES_ERROR;
				CLANG_WARN_SUSPICIOUS_MOVES = YES;
				CLANG_WARN_UNREACHABLE_CODE = YES;
				CLANG_WARN__DUPLICATE_METHOD_MATCH = YES;
				"CODE_SIGN_IDENTITY[sdk=iphoneos*]" = "iPhone Developer";
				COPY_PHASE_STRIP = NO;
				DEBUG_INFORMATION_FORMAT = dwarf;
				ENABLE_STRICT_OBJC_MSGSEND = YES;
				ENABLE_TESTABILITY = YES;
				GCC_C_LANGUAGE_STANDARD = gnu99;
				GCC_DYNAMIC_NO_PIC = NO;
				GCC_NO_COMMON_BLOCKS = YES;
				GCC_OPTIMIZATION_LEVEL = 0;
				GCC_PREPROCESSOR_DEFINITIONS = (
					"DEBUG=1",
					"$(inherited)",
				);
				GCC_WARN_64_TO_32_BIT_CONVERSION = YES;
				GCC_WARN_ABOUT_RETURN_TYPE = YES_ERROR;
				GCC_WARN_UNDECLARED_SELECTOR = YES;
				GCC_WARN_UNINITIALIZED_AUTOS = YES_AGGRESSIVE;
				GCC_WARN_UNUSED_FUNCTION = YES;
				GCC_WARN_UNUSED_VARIABLE = YES;
				IPHONEOS_DEPLOYMENT_TARGET = 10.0;
				MTL_ENABLE_DEBUG_INFO = YES;
				ONLY_ACTIVE_ARCH = YES;
				SDKROOT = iphoneos;
				SWIFT_ACTIVE_COMPILATION_CONDITIONS = DEBUG;
				SWIFT_OPTIMIZATION_LEVEL = "-Onone";
				TARGETED_DEVICE_FAMILY = "1,2";
			};
			name = Debug;
		};
		8433420E1E844AC600535A43 /* Release */ = {
			isa = XCBuildConfiguration;
			buildSettings = {
				ALWAYS_SEARCH_USER_PATHS = NO;
				CLANG_ANALYZER_NONNULL = YES;
				CLANG_CXX_LANGUAGE_STANDARD = "gnu++0x";
				CLANG_CXX_LIBRARY = "libc++";
				CLANG_ENABLE_MODULES = YES;
				CLANG_ENABLE_OBJC_ARC = YES;
				CLANG_WARN_BOOL_CONVERSION = YES;
				CLANG_WARN_CONSTANT_CONVERSION = YES;
				CLANG_WARN_DIRECT_OBJC_ISA_USAGE = YES_ERROR;
				CLANG_WARN_DOCUMENTATION_COMMENTS = YES;
				CLANG_WARN_EMPTY_BODY = YES;
				CLANG_WARN_ENUM_CONVERSION = YES;
				CLANG_WARN_INFINITE_RECURSION = YES;
				CLANG_WARN_INT_CONVERSION = YES;
				CLANG_WARN_OBJC_ROOT_CLASS = YES_ERROR;
				CLANG_WARN_SUSPICIOUS_MOVES = YES;
				CLANG_WARN_UNREACHABLE_CODE = YES;
				CLANG_WARN__DUPLICATE_METHOD_MATCH = YES;
				"CODE_SIGN_IDENTITY[sdk=iphoneos*]" = "iPhone Developer";
				COPY_PHASE_STRIP = NO;
				DEBUG_INFORMATION_FORMAT = "dwarf-with-dsym";
				ENABLE_NS_ASSERTIONS = NO;
				ENABLE_STRICT_OBJC_MSGSEND = YES;
				GCC_C_LANGUAGE_STANDARD = gnu99;
				GCC_NO_COMMON_BLOCKS = YES;
				GCC_WARN_64_TO_32_BIT_CONVERSION = YES;
				GCC_WARN_ABOUT_RETURN_TYPE = YES_ERROR;
				GCC_WARN_UNDECLARED_SELECTOR = YES;
				GCC_WARN_UNINITIALIZED_AUTOS = YES_AGGRESSIVE;
				GCC_WARN_UNUSED_FUNCTION = YES;
				GCC_WARN_UNUSED_VARIABLE = YES;
				IPHONEOS_DEPLOYMENT_TARGET = 10.0;
				MTL_ENABLE_DEBUG_INFO = NO;
				SDKROOT = iphoneos;
				SWIFT_OPTIMIZATION_LEVEL = "-Owholemodule";
				TARGETED_DEVICE_FAMILY = "1,2";
				VALIDATE_PRODUCT = YES;
			};
			name = Release;
		};
		843342101E844AC600535A43 /* Debug */ = {
			isa = XCBuildConfiguration;
			buildSettings = {
				ASSETCATALOG_COMPILER_APPICON_NAME = AppIcon;
				CLANG_ENABLE_MODULES = YES;
				DEVELOPMENT_TEAM = XS5FRJH7AZ;
				INFOPLIST_FILE = Traktor/Info.plist;
				LD_RUNPATH_SEARCH_PATHS = "$(inherited) @executable_path/Frameworks";
				PRODUCT_BUNDLE_IDENTIFIER = JPDaines.Traktor;
				PRODUCT_NAME = "$(TARGET_NAME)";
				SWIFT_OBJC_BRIDGING_HEADER = "Traktor/Traktor-Bridging-Header.h";
				SWIFT_OPTIMIZATION_LEVEL = "-Onone";
				SWIFT_VERSION = 3.0;
				TARGETED_DEVICE_FAMILY = 2;
			};
			name = Debug;
		};
		843342111E844AC600535A43 /* Release */ = {
			isa = XCBuildConfiguration;
			buildSettings = {
				ASSETCATALOG_COMPILER_APPICON_NAME = AppIcon;
				CLANG_ENABLE_MODULES = YES;
				DEVELOPMENT_TEAM = XS5FRJH7AZ;
				INFOPLIST_FILE = Traktor/Info.plist;
				LD_RUNPATH_SEARCH_PATHS = "$(inherited) @executable_path/Frameworks";
				PRODUCT_BUNDLE_IDENTIFIER = JPDaines.Traktor;
				PRODUCT_NAME = "$(TARGET_NAME)";
				SWIFT_OBJC_BRIDGING_HEADER = "Traktor/Traktor-Bridging-Header.h";
				SWIFT_VERSION = 3.0;
				TARGETED_DEVICE_FAMILY = 2;
			};
			name = Release;
		};
/* End XCBuildConfiguration section */

/* Begin XCConfigurationList section */
		843341F81E844AC500535A43 /* Build configuration list for PBXProject "Traktor" */ = {
			isa = XCConfigurationList;
			buildConfigurations = (
				8433420D1E844AC600535A43 /* Debug */,
				8433420E1E844AC600535A43 /* Release */,
			);
			defaultConfigurationIsVisible = 0;
			defaultConfigurationName = Release;
		};
		8433420F1E844AC600535A43 /* Build configuration list for PBXNativeTarget "Traktor" */ = {
			isa = XCConfigurationList;
			buildConfigurations = (
				843342101E844AC600535A43 /* Debug */,
				843342111E844AC600535A43 /* Release */,
			);
			defaultConfigurationIsVisible = 0;
			defaultConfigurationName = Release;
		};
/* End XCConfigurationList section */
	};
	rootObject = 843341F51E844AC500535A43 /* Project object */;
}
